
Microsoft Visual Studio Solution File, Format Version 12.00
# Visual Studio 14
VisualStudioVersion = 14.0.25420.1
MinimumVisualStudioVersion = 10.0.40219.1
Project("{FAE04EC0-301F-11D3-BF4B-00C04F79EFBC}") = "MoqProject", "MoqProject\MoqProject.csproj", "{1292EACB-D07B-4666-B853-B445C3BD263B}"
EndProject
Project("{FAE04EC0-301F-11D3-BF4B-00C04F79EFBC}") = "UnitTests", "UnitTests\UnitTests.csproj", "{0B0230DD-C750-42D7-90A3-7951FEB9639A}"
EndProject
Global
	GlobalSection(SolutionConfigurationPlatforms) = preSolution
		Debug|Any CPU = Debug|Any CPU
		Release|Any CPU = Release|Any CPU
	EndGlobalSection
	GlobalSection(ProjectConfigurationPlatforms) = postSolution
		{1292EACB-D07B-4666-B853-B445C3BD263B}.Debug|Any CPU.ActiveCfg = Debug|Any CPU
		{1292EACB-D07B-4666-B853-B445C3BD263B}.Debug|Any CPU.Build.0 = Debug|Any CPU
		{1292EACB-D07B-4666-B853-B445C3BD263B}.Release|Any CPU.ActiveCfg = Release|Any CPU
		{1292EACB-D07B-4666-B853-B445C3BD263B}.Release|Any CPU.Build.0 = Release|Any CPU
		{0B0230DD-C750-42D7-90A3-7951FEB9639A}.Debug|Any CPU.ActiveCfg = Debug|Any CPU
		{0B0230DD-C750-42D7-90A3-7951FEB9639A}.Debug|Any CPU.Build.0 = Debug|Any CPU
		{0B0230DD-C750-42D7-90A3-7951FEB9639A}.Release|Any CPU.ActiveCfg = Release|Any CPU
		{0B0230DD-C750-42D7-90A3-7951FEB9639A}.Release|Any CPU.Build.0 = Release|Any CPU
	EndGlobalSection
	GlobalSection(SolutionProperties) = preSolution
		HideSolutionNode = FALSE
	EndGlobalSection
EndGlobal
